
Microsoft Visual Studio Solution File, Format Version 12.00
# Visual Studio Version 16
VisualStudioVersion = 16.0.29411.108
MinimumVisualStudioVersion = 10.0.40219.1
Project("{FAE04EC0-301F-11D3-BF4B-00C04F79EFBC}") = "MovieTracker", "MovieTracker\MovieTracker.csproj", "{DA84BC58-E121-4390-A428-200477ED7697}"
EndProject
Project("{FAE04EC0-301F-11D3-BF4B-00C04F79EFBC}") = "MovieTracker.DAL", "MovieTracker.DAL\MovieTracker.DAL.csproj", "{206964A8-C853-4AE8-8C92-3517AD5ED1A6}"
EndProject
Global
	GlobalSection(SolutionConfigurationPlatforms) = preSolution
		Debug|Any CPU = Debug|Any CPU
		Release|Any CPU = Release|Any CPU
	EndGlobalSection
	GlobalSection(ProjectConfigurationPlatforms) = postSolution
		{DA84BC58-E121-4390-A428-200477ED7697}.Debug|Any CPU.ActiveCfg = Debug|Any CPU
		{DA84BC58-E121-4390-A428-200477ED7697}.Debug|Any CPU.Build.0 = Debug|Any CPU
		{DA84BC58-E121-4390-A428-200477ED7697}.Release|Any CPU.ActiveCfg = Release|Any CPU
		{DA84BC58-E121-4390-A428-200477ED7697}.Release|Any CPU.Build.0 = Release|Any CPU
		{206964A8-C853-4AE8-8C92-3517AD5ED1A6}.Debug|Any CPU.ActiveCfg = Debug|Any CPU
		{206964A8-C853-4AE8-8C92-3517AD5ED1A6}.Debug|Any CPU.Build.0 = Debug|Any CPU
		{206964A8-C853-4AE8-8C92-3517AD5ED1A6}.Release|Any CPU.ActiveCfg = Release|Any CPU
		{206964A8-C853-4AE8-8C92-3517AD5ED1A6}.Release|Any CPU.Build.0 = Release|Any CPU
	EndGlobalSection
	GlobalSection(SolutionProperties) = preSolution
		HideSolutionNode = FALSE
	EndGlobalSection
	GlobalSection(ExtensibilityGlobals) = postSolution
		SolutionGuid = {887FC782-8A31-4A9C-B4F9-B6D1FE37B8E1}
	EndGlobalSection
EndGlobal
